
Microsoft Visual Studio Solution File, Format Version 12.00
# Visual Studio 14
VisualStudioVersion = 14.0.25420.1
MinimumVisualStudioVersion = 10.0.40219.1
Project("{E24C65DC-7377-472B-9ABA-BC803B73C61A}") = "EBZ_Project", ".", "{A99E9D6A-7596-4678-8A0C-9A67D56F5874}"
	ProjectSection(WebsiteProperties) = preProject
		TargetFrameworkMoniker = ".NETFramework,Version%3Dv4.5.2"
		Debug.AspNetCompiler.VirtualPath = "/localhost_41247"
		Debug.AspNetCompiler.PhysicalPath = "..\EBZ_Project\"
		Debug.AspNetCompiler.TargetPath = "PrecompiledWeb\localhost_41247\"
		Debug.AspNetCompiler.Updateable = "true"
		Debug.AspNetCompiler.ForceOverwrite = "true"
		Debug.AspNetCompiler.FixedNames = "false"
		Debug.AspNetCompiler.Debug = "True"
		Release.AspNetCompiler.VirtualPath = "/localhost_41247"
		Release.AspNetCompiler.PhysicalPath = "..\EBZ_Project\"
		Release.AspNetCompiler.TargetPath = "PrecompiledWeb\localhost_41247\"
		Release.AspNetCompiler.Updateable = "true"
		Release.AspNetCompiler.ForceOverwrite = "true"
		Release.AspNetCompiler.FixedNames = "false"
		Release.AspNetCompiler.Debug = "False"
		VWDPort = "41247"
		SlnRelativePath = "..\EBZ_Project\"
	EndProjectSection
EndProject
Global
	GlobalSection(SolutionConfigurationPlatforms) = preSolution
		Debug|Any CPU = Debug|Any CPU
	EndGlobalSection
	GlobalSection(ProjectConfigurationPlatforms) = postSolution
		{A99E9D6A-7596-4678-8A0C-9A67D56F5874}.Debug|Any CPU.ActiveCfg = Debug|Any CPU
		{A99E9D6A-7596-4678-8A0C-9A67D56F5874}.Debug|Any CPU.Build.0 = Debug|Any CPU
	EndGlobalSection
	GlobalSection(SolutionProperties) = preSolution
		HideSolutionNode = FALSE
	EndGlobalSection
EndGlobal
